
Microsoft Visual Studio Solution File, Format Version 12.00
# Visual Studio 15
VisualStudioVersion = 15.0.27004.2002
MinimumVisualStudioVersion = 10.0.40219.1
Project("{FAE04EC0-301F-11D3-BF4B-00C04F79EFBC}") = "LicenseVerification", "LicenseVerification\LicenseVerification.csproj", "{F68FF5C3-4DF1-4496-A7B8-9C5F9D5DD7DB}"
EndProject
Global
	GlobalSection(SolutionConfigurationPlatforms) = preSolution
		Debug|Any CPU = Debug|Any CPU
		Release|Any CPU = Release|Any CPU
	EndGlobalSection
	GlobalSection(ProjectConfigurationPlatforms) = postSolution
		{F68FF5C3-4DF1-4496-A7B8-9C5F9D5DD7DB}.Debug|Any CPU.ActiveCfg = Debug|Any CPU
		{F68FF5C3-4DF1-4496-A7B8-9C5F9D5DD7DB}.Debug|Any CPU.Build.0 = Debug|Any CPU
		{F68FF5C3-4DF1-4496-A7B8-9C5F9D5DD7DB}.Release|Any CPU.ActiveCfg = Release|Any CPU
		{F68FF5C3-4DF1-4496-A7B8-9C5F9D5DD7DB}.Release|Any CPU.Build.0 = Release|Any CPU
	EndGlobalSection
	GlobalSection(SolutionProperties) = preSolution
		HideSolutionNode = FALSE
	EndGlobalSection
	GlobalSection(ExtensibilityGlobals) = postSolution
		SolutionGuid = {90523618-8157-4F68-9E17-7FFC46DBED99}
	EndGlobalSection
EndGlobal
